
Microsoft Visual Studio Solution File, Format Version 12.00
# Visual Studio Version 17
VisualStudioVersion = 17.10.35122.118
MinimumVisualStudioVersion = 10.0.40219.1
Project("{FAE04EC0-301F-11D3-BF4B-00C04F79EFBC}") = "DatingBack", "DatingBack\DatingBack.csproj", "{C3AD3F33-99E9-4318-A0B8-F500F5051FD4}"
EndProject
Project("{FAE04EC0-301F-11D3-BF4B-00C04F79EFBC}") = "Domain", "Domain\Domain.csproj", "{16E93E34-ECBF-4148-9D84-22A868EBFB73}"
EndProject
Project("{FAE04EC0-301F-11D3-BF4B-00C04F79EFBC}") = "DataAccessEF", "DataAccessEF\DataAccessEF.csproj", "{72694EF9-0B88-4CB1-B8D4-D7D947200BD5}"
EndProject
Global
	GlobalSection(SolutionConfigurationPlatforms) = preSolution
		Debug|Any CPU = Debug|Any CPU
		Release|Any CPU = Release|Any CPU
	EndGlobalSection
	GlobalSection(ProjectConfigurationPlatforms) = postSolution
		{C3AD3F33-99E9-4318-A0B8-F500F5051FD4}.Debug|Any CPU.ActiveCfg = Debug|Any CPU
		{C3AD3F33-99E9-4318-A0B8-F500F5051FD4}.Debug|Any CPU.Build.0 = Debug|Any CPU
		{C3AD3F33-99E9-4318-A0B8-F500F5051FD4}.Release|Any CPU.ActiveCfg = Release|Any CPU
		{C3AD3F33-99E9-4318-A0B8-F500F5051FD4}.Release|Any CPU.Build.0 = Release|Any CPU
		{16E93E34-ECBF-4148-9D84-22A868EBFB73}.Debug|Any CPU.ActiveCfg = Debug|Any CPU
		{16E93E34-ECBF-4148-9D84-22A868EBFB73}.Debug|Any CPU.Build.0 = Debug|Any CPU
		{16E93E34-ECBF-4148-9D84-22A868EBFB73}.Release|Any CPU.ActiveCfg = Release|Any CPU
		{16E93E34-ECBF-4148-9D84-22A868EBFB73}.Release|Any CPU.Build.0 = Release|Any CPU
		{72694EF9-0B88-4CB1-B8D4-D7D947200BD5}.Debug|Any CPU.ActiveCfg = Debug|Any CPU
		{72694EF9-0B88-4CB1-B8D4-D7D947200BD5}.Debug|Any CPU.Build.0 = Debug|Any CPU
		{72694EF9-0B88-4CB1-B8D4-D7D947200BD5}.Release|Any CPU.ActiveCfg = Release|Any CPU
		{72694EF9-0B88-4CB1-B8D4-D7D947200BD5}.Release|Any CPU.Build.0 = Release|Any CPU
	EndGlobalSection
	GlobalSection(SolutionProperties) = preSolution
		HideSolutionNode = FALSE
	EndGlobalSection
	GlobalSection(ExtensibilityGlobals) = postSolution
		SolutionGuid = {A2FA06DC-F544-40A7-8A98-5D75A9F2593E}
	EndGlobalSection
EndGlobal
